
Microsoft Visual Studio Solution File, Format Version 12.00
# Visual Studio Version 17
VisualStudioVersion = 17.14.36717.8
MinimumVisualStudioVersion = 10.0.40219.1
Project("{FAE04EC0-301F-11D3-BF4B-00C04F79EFBC}") = "QuickStart.WebApi", "QuickStart.WebApi\QuickStart.WebApi.csproj", "{CC1600F8-D175-4251-ADE0-896EE6E64D0A}"
EndProject
Project("{FAE04EC0-301F-11D3-BF4B-00C04F79EFBC}") = "QuickStart.WebUI", "QuickStart.WebUI\QuickStart.WebUI.csproj", "{41E88337-2FFD-45CB-B1F9-2AAFAD5ABA69}"
EndProject
Global
	GlobalSection(SolutionConfigurationPlatforms) = preSolution
		Debug|Any CPU = Debug|Any CPU
		Release|Any CPU = Release|Any CPU
	EndGlobalSection
	GlobalSection(ProjectConfigurationPlatforms) = postSolution
		{CC1600F8-D175-4251-ADE0-896EE6E64D0A}.Debug|Any CPU.ActiveCfg = Debug|Any CPU
		{CC1600F8-D175-4251-ADE0-896EE6E64D0A}.Debug|Any CPU.Build.0 = Debug|Any CPU
		{CC1600F8-D175-4251-ADE0-896EE6E64D0A}.Release|Any CPU.ActiveCfg = Release|Any CPU
		{CC1600F8-D175-4251-ADE0-896EE6E64D0A}.Release|Any CPU.Build.0 = Release|Any CPU
		{41E88337-2FFD-45CB-B1F9-2AAFAD5ABA69}.Debug|Any CPU.ActiveCfg = Debug|Any CPU
		{41E88337-2FFD-45CB-B1F9-2AAFAD5ABA69}.Debug|Any CPU.Build.0 = Debug|Any CPU
		{41E88337-2FFD-45CB-B1F9-2AAFAD5ABA69}.Release|Any CPU.ActiveCfg = Release|Any CPU
		{41E88337-2FFD-45CB-B1F9-2AAFAD5ABA69}.Release|Any CPU.Build.0 = Release|Any CPU
	EndGlobalSection
	GlobalSection(SolutionProperties) = preSolution
		HideSolutionNode = FALSE
	EndGlobalSection
	GlobalSection(ExtensibilityGlobals) = postSolution
		SolutionGuid = {156FCC8F-5211-4077-8BA9-D1ADDD93109A}
	EndGlobalSection
EndGlobal
